// !$*UTF8*$!
{
	archiveVersion = 1;
	classes = {
	};
	objectVersion = 56;
	objects = {

/* Begin PBXBuildFile section */
		4287DF8B2B191741004C5B39 /* TabBarView.swift in Sources */ = {isa = PBXBuildFile; fileRef = 4287DF8A2B191741004C5B39 /* TabBarView.swift */; };
		4287DF992B191BB7004C5B39 /* Constants.swift in Sources */ = {isa = PBXBuildFile; fileRef = 4287DF982B191BB7004C5B39 /* Constants.swift */; };
		4287DF9B2B1A78D3004C5B39 /* FavoritesView.swift in Sources */ = {isa = PBXBuildFile; fileRef = 4287DF9A2B1A78D3004C5B39 /* FavoritesView.swift */; };
		493D94862B06C23D00F60B67 /* User.swift in Sources */ = {isa = PBXBuildFile; fileRef = 493D947C2B06C23D00F60B67 /* User.swift */; };
		493D94872B06C23D00F60B67 /* Product.swift in Sources */ = {isa = PBXBuildFile; fileRef = 493D947D2B06C23D00F60B67 /* Product.swift */; };
		493D94882B06C23D00F60B67 /* MessagePage.swift in Sources */ = {isa = PBXBuildFile; fileRef = 493D947F2B06C23D00F60B67 /* MessagePage.swift */; };
		493D94892B06C23D00F60B67 /* UploadProductPage.swift in Sources */ = {isa = PBXBuildFile; fileRef = 493D94802B06C23D00F60B67 /* UploadProductPage.swift */; };
		493D948A2B06C23D00F60B67 /* profile.swift in Sources */ = {isa = PBXBuildFile; fileRef = 493D94812B06C23D00F60B67 /* profile.swift */; };
		493D948B2B06C23D00F60B67 /* registration.swift in Sources */ = {isa = PBXBuildFile; fileRef = 493D94822B06C23D00F60B67 /* registration.swift */; };
		493D948C2B06C23D00F60B67 /* ProductDetailsView.swift in Sources */ = {isa = PBXBuildFile; fileRef = 493D94832B06C23D00F60B67 /* ProductDetailsView.swift */; };
		493D948D2B06C23D00F60B67 /* ContentView.swift in Sources */ = {isa = PBXBuildFile; fileRef = 493D94842B06C23D00F60B67 /* ContentView.swift */; };
		493D948E2B06C23D00F60B67 /* ExplorePage.swift in Sources */ = {isa = PBXBuildFile; fileRef = 493D94852B06C23D00F60B67 /* ExplorePage.swift */; };
		E325682A2B1D7EF200094C4F /* MessagesManager.swift in Sources */ = {isa = PBXBuildFile; fileRef = E32568292B1D7EF200094C4F /* MessagesManager.swift */; };
		E325682C2B1D7F2D00094C4F /* TitleRow.swift in Sources */ = {isa = PBXBuildFile; fileRef = E325682B2B1D7F2D00094C4F /* TitleRow.swift */; };
		E325682E2B1D7F4200094C4F /* MessageField.swift in Sources */ = {isa = PBXBuildFile; fileRef = E325682D2B1D7F4200094C4F /* MessageField.swift */; };
		E32568302B1D7F5400094C4F /* MessageBubble.swift in Sources */ = {isa = PBXBuildFile; fileRef = E325682F2B1D7F5400094C4F /* MessageBubble.swift */; };
		E32568322B1D7F6400094C4F /* Message.swift in Sources */ = {isa = PBXBuildFile; fileRef = E32568312B1D7F6400094C4F /* Message.swift */; };
		E32568342B1D807600094C4F /* Extensions.swift in Sources */ = {isa = PBXBuildFile; fileRef = E32568332B1D807600094C4F /* Extensions.swift */; };
		E326ADC42B1A938800588834 /* CartView.swift in Sources */ = {isa = PBXBuildFile; fileRef = E326ADC32B1A938800588834 /* CartView.swift */; };
		E326ADC62B1A97B200588834 /* Cart.swift in Sources */ = {isa = PBXBuildFile; fileRef = E326ADC52B1A97B200588834 /* Cart.swift */; };
		E326ADC82B1AA0B000588834 /* CartManager.swift in Sources */ = {isa = PBXBuildFile; fileRef = E326ADC72B1AA0AF00588834 /* CartManager.swift */; };
		E326ADD02B1ABD5600588834 /* ProductRow.swift in Sources */ = {isa = PBXBuildFile; fileRef = E326ADCF2B1ABD5600588834 /* ProductRow.swift */; };
		E326ADD22B1ACED900588834 /* CartButton.swift in Sources */ = {isa = PBXBuildFile; fileRef = E326ADD12B1ACED900588834 /* CartButton.swift */; };
		E34274E82B04653A004C8FFA /* columbiamarketplaceApp.swift in Sources */ = {isa = PBXBuildFile; fileRef = E34274E72B04653A004C8FFA /* columbiamarketplaceApp.swift */; };
		E34274EC2B04653B004C8FFA /* Assets.xcassets in Resources */ = {isa = PBXBuildFile; fileRef = E34274EB2B04653B004C8FFA /* Assets.xcassets */; };
		E34274EF2B04653B004C8FFA /* Preview Assets.xcassets in Resources */ = {isa = PBXBuildFile; fileRef = E34274EE2B04653B004C8FFA /* Preview Assets.xcassets */; };
		E3AA521A2B158DFC00BED2EF /* LoginView.swift in Sources */ = {isa = PBXBuildFile; fileRef = E3AA52192B158DFC00BED2EF /* LoginView.swift */; };
		E3AA521D2B158F1200BED2EF /* InputView.swift in Sources */ = {isa = PBXBuildFile; fileRef = E3AA521C2B158F1200BED2EF /* InputView.swift */; };
		E3AA521F2B15A81E00BED2EF /* ProfileView.swift in Sources */ = {isa = PBXBuildFile; fileRef = E3AA521E2B15A81E00BED2EF /* ProfileView.swift */; };
		E3AA52212B15A98400BED2EF /* SettingsRowView.swift in Sources */ = {isa = PBXBuildFile; fileRef = E3AA52202B15A98400BED2EF /* SettingsRowView.swift */; };
		E3AA52232B15B3EB00BED2EF /* GoogleService-Info.plist in Resources */ = {isa = PBXBuildFile; fileRef = E3AA52222B15B3EB00BED2EF /* GoogleService-Info.plist */; };
		E3AA52262B15B4D000BED2EF /* FirebaseAuth in Frameworks */ = {isa = PBXBuildFile; productRef = E3AA52252B15B4D000BED2EF /* FirebaseAuth */; };
		E3AA52282B15B4D000BED2EF /* FirebaseDatabase in Frameworks */ = {isa = PBXBuildFile; productRef = E3AA52272B15B4D000BED2EF /* FirebaseDatabase */; };
		E3AA522A2B15B4D000BED2EF /* FirebaseDatabaseSwift in Frameworks */ = {isa = PBXBuildFile; productRef = E3AA52292B15B4D000BED2EF /* FirebaseDatabaseSwift */; };
		E3AA522C2B15B4D000BED2EF /* FirebaseFirestore in Frameworks */ = {isa = PBXBuildFile; productRef = E3AA522B2B15B4D000BED2EF /* FirebaseFirestore */; };
		E3AA522E2B15B4D000BED2EF /* FirebaseFirestoreSwift in Frameworks */ = {isa = PBXBuildFile; productRef = E3AA522D2B15B4D000BED2EF /* FirebaseFirestoreSwift */; };
		E3AA52302B15B4D000BED2EF /* FirebaseFunctions in Frameworks */ = {isa = PBXBuildFile; productRef = E3AA522F2B15B4D000BED2EF /* FirebaseFunctions */; };
		E3AA52322B15B4D000BED2EF /* FirebaseInAppMessaging-Beta in Frameworks */ = {isa = PBXBuildFile; productRef = E3AA52312B15B4D000BED2EF /* FirebaseInAppMessaging-Beta */; };
		E3AA52342B15B4D000BED2EF /* FirebaseInAppMessagingSwift-Beta in Frameworks */ = {isa = PBXBuildFile; productRef = E3AA52332B15B4D000BED2EF /* FirebaseInAppMessagingSwift-Beta */; };
		E3AA52362B15B4D000BED2EF /* FirebaseMessaging in Frameworks */ = {isa = PBXBuildFile; productRef = E3AA52352B15B4D000BED2EF /* FirebaseMessaging */; };
		E3AA52382B15B4D000BED2EF /* FirebaseStorage in Frameworks */ = {isa = PBXBuildFile; productRef = E3AA52372B15B4D000BED2EF /* FirebaseStorage */; };
		E3AA523B2B15B57100BED2EF /* AuthViewModel.swift in Sources */ = {isa = PBXBuildFile; fileRef = E3AA523A2B15B57100BED2EF /* AuthViewModel.swift */; };
		E3AD84632B1E87D600E61120 /* UserProfileView.swift in Sources */ = {isa = PBXBuildFile; fileRef = E3AD84622B1E87D600E61120 /* UserProfileView.swift */; };
		E3F912342B1F12D300543357 /* Favorites.swift in Sources */ = {isa = PBXBuildFile; fileRef = E3F912332B1F12D300543357 /* Favorites.swift */; };
		E3F912362B1F132A00543357 /* FavoritesManager.swift in Sources */ = {isa = PBXBuildFile; fileRef = E3F912352B1F132A00543357 /* FavoritesManager.swift */; };
		E3FFD5DB2B1D2BB1008F109D /* AsyncImageView.swift in Sources */ = {isa = PBXBuildFile; fileRef = E3FFD5DA2B1D2BB1008F109D /* AsyncImageView.swift */; };
		E3FFD5DE2B1D2BF2008F109D /* FirebaseManager.swift in Sources */ = {isa = PBXBuildFile; fileRef = E3FFD5DD2B1D2BF2008F109D /* FirebaseManager.swift */; };
		E3FFD5E02B1D2F5D008F109D /* AssetImageUploader.swift in Sources */ = {isa = PBXBuildFile; fileRef = E3FFD5DF2B1D2F5D008F109D /* AssetImageUploader.swift */; };
/* End PBXBuildFile section */

/* Begin PBXFileReference section */
		4287DF8A2B191741004C5B39 /* TabBarView.swift */ = {isa = PBXFileReference; lastKnownFileType = sourcecode.swift; path = TabBarView.swift; sourceTree = "<group>"; };
		4287DF982B191BB7004C5B39 /* Constants.swift */ = {isa = PBXFileReference; lastKnownFileType = sourcecode.swift; path = Constants.swift; sourceTree = "<group>"; };
		4287DF9A2B1A78D3004C5B39 /* FavoritesView.swift */ = {isa = PBXFileReference; lastKnownFileType = sourcecode.swift; path = FavoritesView.swift; sourceTree = "<group>"; };
		493D947C2B06C23D00F60B67 /* User.swift */ = {isa = PBXFileReference; fileEncoding = 4; lastKnownFileType = sourcecode.swift; path = User.swift; sourceTree = "<group>"; };
		493D947D2B06C23D00F60B67 /* Product.swift */ = {isa = PBXFileReference; fileEncoding = 4; lastKnownFileType = sourcecode.swift; path = Product.swift; sourceTree = "<group>"; };
		493D947F2B06C23D00F60B67 /* MessagePage.swift */ = {isa = PBXFileReference; fileEncoding = 4; lastKnownFileType = sourcecode.swift; path = MessagePage.swift; sourceTree = "<group>"; };
		493D94802B06C23D00F60B67 /* UploadProductPage.swift */ = {isa = PBXFileReference; fileEncoding = 4; lastKnownFileType = sourcecode.swift; path = UploadProductPage.swift; sourceTree = "<group>"; };
		493D94812B06C23D00F60B67 /* profile.swift */ = {isa = PBXFileReference; fileEncoding = 4; lastKnownFileType = sourcecode.swift; path = profile.swift; sourceTree = "<group>"; };
		493D94822B06C23D00F60B67 /* registration.swift */ = {isa = PBXFileReference; fileEncoding = 4; lastKnownFileType = sourcecode.swift; path = registration.swift; sourceTree = "<group>"; };
		493D94832B06C23D00F60B67 /* ProductDetailsView.swift */ = {isa = PBXFileReference; fileEncoding = 4; lastKnownFileType = sourcecode.swift; path = ProductDetailsView.swift; sourceTree = "<group>"; };
		493D94842B06C23D00F60B67 /* ContentView.swift */ = {isa = PBXFileReference; fileEncoding = 4; lastKnownFileType = sourcecode.swift; path = ContentView.swift; sourceTree = "<group>"; };
		493D94852B06C23D00F60B67 /* ExplorePage.swift */ = {isa = PBXFileReference; fileEncoding = 4; lastKnownFileType = sourcecode.swift; path = ExplorePage.swift; sourceTree = "<group>"; };
		E32568292B1D7EF200094C4F /* MessagesManager.swift */ = {isa = PBXFileReference; lastKnownFileType = sourcecode.swift; path = MessagesManager.swift; sourceTree = "<group>"; };
		E325682B2B1D7F2D00094C4F /* TitleRow.swift */ = {isa = PBXFileReference; lastKnownFileType = sourcecode.swift; path = TitleRow.swift; sourceTree = "<group>"; };
		E325682D2B1D7F4200094C4F /* MessageField.swift */ = {isa = PBXFileReference; lastKnownFileType = sourcecode.swift; path = MessageField.swift; sourceTree = "<group>"; };
		E325682F2B1D7F5400094C4F /* MessageBubble.swift */ = {isa = PBXFileReference; lastKnownFileType = sourcecode.swift; path = MessageBubble.swift; sourceTree = "<group>"; };
		E32568312B1D7F6400094C4F /* Message.swift */ = {isa = PBXFileReference; lastKnownFileType = sourcecode.swift; path = Message.swift; sourceTree = "<group>"; };
		E32568332B1D807600094C4F /* Extensions.swift */ = {isa = PBXFileReference; lastKnownFileType = sourcecode.swift; path = Extensions.swift; sourceTree = "<group>"; };
		E326ADC32B1A938800588834 /* CartView.swift */ = {isa = PBXFileReference; lastKnownFileType = sourcecode.swift; path = CartView.swift; sourceTree = "<group>"; };
		E326ADC52B1A97B200588834 /* Cart.swift */ = {isa = PBXFileReference; lastKnownFileType = sourcecode.swift; path = Cart.swift; sourceTree = "<group>"; };
		E326ADC72B1AA0AF00588834 /* CartManager.swift */ = {isa = PBXFileReference; lastKnownFileType = sourcecode.swift; path = CartManager.swift; sourceTree = "<group>"; };
		E326ADCF2B1ABD5600588834 /* ProductRow.swift */ = {isa = PBXFileReference; lastKnownFileType = sourcecode.swift; path = ProductRow.swift; sourceTree = "<group>"; };
		E326ADD12B1ACED900588834 /* CartButton.swift */ = {isa = PBXFileReference; lastKnownFileType = sourcecode.swift; path = CartButton.swift; sourceTree = "<group>"; };
		E34274E42B04653A004C8FFA /* columbiamarketplace.app */ = {isa = PBXFileReference; explicitFileType = wrapper.application; includeInIndex = 0; path = columbiamarketplace.app; sourceTree = BUILT_PRODUCTS_DIR; };
		E34274E72B04653A004C8FFA /* columbiamarketplaceApp.swift */ = {isa = PBXFileReference; lastKnownFileType = sourcecode.swift; path = columbiamarketplaceApp.swift; sourceTree = "<group>"; };
		E34274EB2B04653B004C8FFA /* Assets.xcassets */ = {isa = PBXFileReference; lastKnownFileType = folder.assetcatalog; path = Assets.xcassets; sourceTree = "<group>"; };
		E34274EE2B04653B004C8FFA /* Preview Assets.xcassets */ = {isa = PBXFileReference; lastKnownFileType = folder.assetcatalog; path = "Preview Assets.xcassets"; sourceTree = "<group>"; };
		E3AA52192B158DFC00BED2EF /* LoginView.swift */ = {isa = PBXFileReference; lastKnownFileType = sourcecode.swift; path = LoginView.swift; sourceTree = "<group>"; };
		E3AA521C2B158F1200BED2EF /* InputView.swift */ = {isa = PBXFileReference; lastKnownFileType = sourcecode.swift; path = InputView.swift; sourceTree = "<group>"; };
		E3AA521E2B15A81E00BED2EF /* ProfileView.swift */ = {isa = PBXFileReference; lastKnownFileType = sourcecode.swift; path = ProfileView.swift; sourceTree = "<group>"; };
		E3AA52202B15A98400BED2EF /* SettingsRowView.swift */ = {isa = PBXFileReference; lastKnownFileType = sourcecode.swift; path = SettingsRowView.swift; sourceTree = "<group>"; };
		E3AA52222B15B3EB00BED2EF /* GoogleService-Info.plist */ = {isa = PBXFileReference; fileEncoding = 4; lastKnownFileType = text.plist.xml; name = "GoogleService-Info.plist"; path = "../../GoogleService-Info.plist"; sourceTree = "<group>"; };
		E3AA523A2B15B57100BED2EF /* AuthViewModel.swift */ = {isa = PBXFileReference; lastKnownFileType = sourcecode.swift; path = AuthViewModel.swift; sourceTree = "<group>"; };
		E3AD84622B1E87D600E61120 /* UserProfileView.swift */ = {isa = PBXFileReference; lastKnownFileType = sourcecode.swift; path = UserProfileView.swift; sourceTree = "<group>"; };
		E3F912332B1F12D300543357 /* Favorites.swift */ = {isa = PBXFileReference; lastKnownFileType = sourcecode.swift; path = Favorites.swift; sourceTree = "<group>"; };
		E3F912352B1F132A00543357 /* FavoritesManager.swift */ = {isa = PBXFileReference; lastKnownFileType = sourcecode.swift; path = FavoritesManager.swift; sourceTree = "<group>"; };
		E3FFD5DA2B1D2BB1008F109D /* AsyncImageView.swift */ = {isa = PBXFileReference; lastKnownFileType = sourcecode.swift; path = AsyncImageView.swift; sourceTree = "<group>"; };
		E3FFD5DD2B1D2BF2008F109D /* FirebaseManager.swift */ = {isa = PBXFileReference; lastKnownFileType = sourcecode.swift; path = FirebaseManager.swift; sourceTree = "<group>"; };
		E3FFD5DF2B1D2F5D008F109D /* AssetImageUploader.swift */ = {isa = PBXFileReference; lastKnownFileType = sourcecode.swift; path = AssetImageUploader.swift; sourceTree = "<group>"; };
/* End PBXFileReference section */

/* Begin PBXFrameworksBuildPhase section */
		E34274E12B04653A004C8FFA /* Frameworks */ = {
			isa = PBXFrameworksBuildPhase;
			buildActionMask = 2147483647;
			files = (
				E3AA52362B15B4D000BED2EF /* FirebaseMessaging in Frameworks */,
				E3AA522E2B15B4D000BED2EF /* FirebaseFirestoreSwift in Frameworks */,
				E3AA52322B15B4D000BED2EF /* FirebaseInAppMessaging-Beta in Frameworks */,
				E3AA52382B15B4D000BED2EF /* FirebaseStorage in Frameworks */,
				E3AA52342B15B4D000BED2EF /* FirebaseInAppMessagingSwift-Beta in Frameworks */,
				E3AA522A2B15B4D000BED2EF /* FirebaseDatabaseSwift in Frameworks */,
				E3AA522C2B15B4D000BED2EF /* FirebaseFirestore in Frameworks */,
				E3AA52302B15B4D000BED2EF /* FirebaseFunctions in Frameworks */,
				E3AA52282B15B4D000BED2EF /* FirebaseDatabase in Frameworks */,
				E3AA52262B15B4D000BED2EF /* FirebaseAuth in Frameworks */,
			);
			runOnlyForDeploymentPostprocessing = 0;
		};
/* End PBXFrameworksBuildPhase section */

/* Begin PBXGroup section */
		4287DF892B191711004C5B39 /* TabBar */ = {
			isa = PBXGroup;
			children = (
				4287DF8A2B191741004C5B39 /* TabBarView.swift */,
			);
			path = TabBar;
			sourceTree = "<group>";
		};
		4287DF972B191B89004C5B39 /* Constants */ = {
			isa = PBXGroup;
			children = (
				4287DF982B191BB7004C5B39 /* Constants.swift */,
			);
			path = Constants;
			sourceTree = "<group>";
		};
		493D947B2B06C23D00F60B67 /* Models */ = {
			isa = PBXGroup;
			children = (
				493D947C2B06C23D00F60B67 /* User.swift */,
				493D947D2B06C23D00F60B67 /* Product.swift */,
				E326ADC52B1A97B200588834 /* Cart.swift */,
				E32568312B1D7F6400094C4F /* Message.swift */,
				E3F912332B1F12D300543357 /* Favorites.swift */,
			);
			path = Models;
			sourceTree = "<group>";
		};
		493D947E2B06C23D00F60B67 /* Views */ = {
			isa = PBXGroup;
			children = (
				E3AA52162B158D8E00BED2EF /* Authentication */,
				4287DF892B191711004C5B39 /* TabBar */,
				493D947F2B06C23D00F60B67 /* MessagePage.swift */,
				493D94802B06C23D00F60B67 /* UploadProductPage.swift */,
				493D94812B06C23D00F60B67 /* profile.swift */,
				E32568332B1D807600094C4F /* Extensions.swift */,
				E326ADC32B1A938800588834 /* CartView.swift */,
				493D94832B06C23D00F60B67 /* ProductDetailsView.swift */,
				493D94842B06C23D00F60B67 /* ContentView.swift */,
				493D94852B06C23D00F60B67 /* ExplorePage.swift */,
				E3AA521E2B15A81E00BED2EF /* ProfileView.swift */,
				4287DF9A2B1A78D3004C5B39 /* FavoritesView.swift */,
				E3AD84622B1E87D600E61120 /* UserProfileView.swift */,
				E3F912352B1F132A00543357 /* FavoritesManager.swift */,
			);
			path = Views;
			sourceTree = "<group>";
		};
		E34274DB2B04653A004C8FFA = {
			isa = PBXGroup;
			children = (
				E34274E62B04653A004C8FFA /* columbiamarketplace */,
				E34274E52B04653A004C8FFA /* Products */,
			);
			sourceTree = "<group>";
		};
		E34274E52B04653A004C8FFA /* Products */ = {
			isa = PBXGroup;
			children = (
				E34274E42B04653A004C8FFA /* columbiamarketplace.app */,
			);
			name = Products;
			sourceTree = "<group>";
		};
		E34274E62B04653A004C8FFA /* columbiamarketplace */ = {
			isa = PBXGroup;
			children = (
				E3FFD5DC2B1D2BDD008F109D /* FirebaseManager */,
				E3AA521B2B158F0600BED2EF /* Components */,
				493D947B2B06C23D00F60B67 /* Models */,
				493D947E2B06C23D00F60B67 /* Views */,
				E34274E72B04653A004C8FFA /* columbiamarketplaceApp.swift */,
				E34274EB2B04653B004C8FFA /* Assets.xcassets */,
				E3AA52222B15B3EB00BED2EF /* GoogleService-Info.plist */,
				4287DF972B191B89004C5B39 /* Constants */,
				E34274ED2B04653B004C8FFA /* Preview Content */,
				E326ADC72B1AA0AF00588834 /* CartManager.swift */,
				E3FFD5DF2B1D2F5D008F109D /* AssetImageUploader.swift */,
			);
			path = columbiamarketplace;
			sourceTree = "<group>";
		};
		E34274ED2B04653B004C8FFA /* Preview Content */ = {
			isa = PBXGroup;
			children = (
				E34274EE2B04653B004C8FFA /* Preview Assets.xcassets */,
			);
			path = "Preview Content";
			sourceTree = "<group>";
		};
		E3AA52162B158D8E00BED2EF /* Authentication */ = {
			isa = PBXGroup;
			children = (
				E3AA52392B15B53600BED2EF /* AuthModel */,
				493D94822B06C23D00F60B67 /* registration.swift */,
				E3AA52192B158DFC00BED2EF /* LoginView.swift */,
			);
			path = Authentication;
			sourceTree = "<group>";
		};
		E3AA521B2B158F0600BED2EF /* Components */ = {
			isa = PBXGroup;
			children = (
				E3AA521C2B158F1200BED2EF /* InputView.swift */,
				E3AA52202B15A98400BED2EF /* SettingsRowView.swift */,
				E326ADCF2B1ABD5600588834 /* ProductRow.swift */,
				E326ADD12B1ACED900588834 /* CartButton.swift */,
				E3FFD5DA2B1D2BB1008F109D /* AsyncImageView.swift */,
				E325682B2B1D7F2D00094C4F /* TitleRow.swift */,
				E325682D2B1D7F4200094C4F /* MessageField.swift */,
				E325682F2B1D7F5400094C4F /* MessageBubble.swift */,
			);
			path = Components;
			sourceTree = "<group>";
		};
		E3AA52392B15B53600BED2EF /* AuthModel */ = {
			isa = PBXGroup;
			children = (
				E3AA523A2B15B57100BED2EF /* AuthViewModel.swift */,
			);
			path = AuthModel;
			sourceTree = "<group>";
		};
		E3FFD5DC2B1D2BDD008F109D /* FirebaseManager */ = {
			isa = PBXGroup;
			children = (
				E3FFD5DD2B1D2BF2008F109D /* FirebaseManager.swift */,
				E32568292B1D7EF200094C4F /* MessagesManager.swift */,
			);
			path = FirebaseManager;
			sourceTree = "<group>";
		};
/* End PBXGroup section */

/* Begin PBXNativeTarget section */
		E34274E32B04653A004C8FFA /* columbiamarketplace */ = {
			isa = PBXNativeTarget;
			buildConfigurationList = E34274F22B04653C004C8FFA /* Build configuration list for PBXNativeTarget "columbiamarketplace" */;
			buildPhases = (
				E34274E02B04653A004C8FFA /* Sources */,
				E34274E12B04653A004C8FFA /* Frameworks */,
				E34274E22B04653A004C8FFA /* Resources */,
			);
			buildRules = (
			);
			dependencies = (
			);
			name = columbiamarketplace;
			packageProductDependencies = (
				E3AA52252B15B4D000BED2EF /* FirebaseAuth */,
				E3AA52272B15B4D000BED2EF /* FirebaseDatabase */,
				E3AA52292B15B4D000BED2EF /* FirebaseDatabaseSwift */,
				E3AA522B2B15B4D000BED2EF /* FirebaseFirestore */,
				E3AA522D2B15B4D000BED2EF /* FirebaseFirestoreSwift */,
				E3AA522F2B15B4D000BED2EF /* FirebaseFunctions */,
				E3AA52312B15B4D000BED2EF /* FirebaseInAppMessaging-Beta */,
				E3AA52332B15B4D000BED2EF /* FirebaseInAppMessagingSwift-Beta */,
				E3AA52352B15B4D000BED2EF /* FirebaseMessaging */,
				E3AA52372B15B4D000BED2EF /* FirebaseStorage */,
			);
			productName = columbiamarketplace;
			productReference = E34274E42B04653A004C8FFA /* columbiamarketplace.app */;
			productType = "com.apple.product-type.application";
		};
/* End PBXNativeTarget section */

/* Begin PBXProject section */
		E34274DC2B04653A004C8FFA /* Project object */ = {
			isa = PBXProject;
			attributes = {
				BuildIndependentTargetsInParallel = 1;
				LastSwiftUpdateCheck = 1430;
				LastUpgradeCheck = 1430;
				TargetAttributes = {
					E34274E32B04653A004C8FFA = {
						CreatedOnToolsVersion = 14.3.1;
					};
				};
			};
			buildConfigurationList = E34274DF2B04653A004C8FFA /* Build configuration list for PBXProject "columbiamarketplace" */;
			compatibilityVersion = "Xcode 14.0";
			developmentRegion = en;
			hasScannedForEncodings = 0;
			knownRegions = (
				en,
				Base,
			);
			mainGroup = E34274DB2B04653A004C8FFA;
			packageReferences = (
				E3AA52242B15B4D000BED2EF /* XCRemoteSwiftPackageReference "firebase-ios-sdk" */,
			);
			productRefGroup = E34274E52B04653A004C8FFA /* Products */;
			projectDirPath = "";
			projectRoot = "";
			targets = (
				E34274E32B04653A004C8FFA /* columbiamarketplace */,
			);
		};
/* End PBXProject section */

/* Begin PBXResourcesBuildPhase section */
		E34274E22B04653A004C8FFA /* Resources */ = {
			isa = PBXResourcesBuildPhase;
			buildActionMask = 2147483647;
			files = (
				E34274EF2B04653B004C8FFA /* Preview Assets.xcassets in Resources */,
				E34274EC2B04653B004C8FFA /* Assets.xcassets in Resources */,
				E3AA52232B15B3EB00BED2EF /* GoogleService-Info.plist in Resources */,
			);
			runOnlyForDeploymentPostprocessing = 0;
		};
/* End PBXResourcesBuildPhase section */

/* Begin PBXSourcesBuildPhase section */
		E34274E02B04653A004C8FFA /* Sources */ = {
			isa = PBXSourcesBuildPhase;
			buildActionMask = 2147483647;
			files = (
				493D948A2B06C23D00F60B67 /* profile.swift in Sources */,
				E3AA521F2B15A81E00BED2EF /* ProfileView.swift in Sources */,
				E3FFD5E02B1D2F5D008F109D /* AssetImageUploader.swift in Sources */,
				E325682C2B1D7F2D00094C4F /* TitleRow.swift in Sources */,
				E326ADC42B1A938800588834 /* CartView.swift in Sources */,
				4287DF8B2B191741004C5B39 /* TabBarView.swift in Sources */,
				493D948D2B06C23D00F60B67 /* ContentView.swift in Sources */,
				E3AD84632B1E87D600E61120 /* UserProfileView.swift in Sources */,
				E32568302B1D7F5400094C4F /* MessageBubble.swift in Sources */,
				493D948E2B06C23D00F60B67 /* ExplorePage.swift in Sources */,
				E326ADD02B1ABD5600588834 /* ProductRow.swift in Sources */,
				493D948B2B06C23D00F60B67 /* registration.swift in Sources */,
				E326ADC62B1A97B200588834 /* Cart.swift in Sources */,
				E3AA523B2B15B57100BED2EF /* AuthViewModel.swift in Sources */,
				493D94882B06C23D00F60B67 /* MessagePage.swift in Sources */,
				E3FFD5DB2B1D2BB1008F109D /* AsyncImageView.swift in Sources */,
				4287DF9B2B1A78D3004C5B39 /* FavoritesView.swift in Sources */,
				E325682A2B1D7EF200094C4F /* MessagesManager.swift in Sources */,
				E3AA52212B15A98400BED2EF /* SettingsRowView.swift in Sources */,
				493D948C2B06C23D00F60B67 /* ProductDetailsView.swift in Sources */,
				493D94862B06C23D00F60B67 /* User.swift in Sources */,
				E32568322B1D7F6400094C4F /* Message.swift in Sources */,
				493D94892B06C23D00F60B67 /* UploadProductPage.swift in Sources */,
				E3FFD5DE2B1D2BF2008F109D /* FirebaseManager.swift in Sources */,
				E326ADD22B1ACED900588834 /* CartButton.swift in Sources */,
				E3AA521A2B158DFC00BED2EF /* LoginView.swift in Sources */,
				E326ADC82B1AA0B000588834 /* CartManager.swift in Sources */,
				E3AA521D2B158F1200BED2EF /* InputView.swift in Sources */,
				E32568342B1D807600094C4F /* Extensions.swift in Sources */,
				E34274E82B04653A004C8FFA /* columbiamarketplaceApp.swift in Sources */,
				493D94872B06C23D00F60B67 /* Product.swift in Sources */,
				E3F912362B1F132A00543357 /* FavoritesManager.swift in Sources */,
				E3F912342B1F12D300543357 /* Favorites.swift in Sources */,
				E325682E2B1D7F4200094C4F /* MessageField.swift in Sources */,
				4287DF992B191BB7004C5B39 /* Constants.swift in Sources */,
			);
			runOnlyForDeploymentPostprocessing = 0;
		};
/* End PBXSourcesBuildPhase section */

/* Begin XCBuildConfiguration section */
		E34274F02B04653B004C8FFA /* Debug */ = {
			isa = XCBuildConfiguration;
			buildSettings = {
				ALWAYS_SEARCH_USER_PATHS = NO;
				CLANG_ANALYZER_NONNULL = YES;
				CLANG_ANALYZER_NUMBER_OBJECT_CONVERSION = YES_AGGRESSIVE;
				CLANG_CXX_LANGUAGE_STANDARD = "gnu++20";
				CLANG_ENABLE_MODULES = YES;
				CLANG_ENABLE_OBJC_ARC = YES;
				CLANG_ENABLE_OBJC_WEAK = YES;
				CLANG_WARN_BLOCK_CAPTURE_AUTORELEASING = YES;
				CLANG_WARN_BOOL_CONVERSION = YES;
				CLANG_WARN_COMMA = YES;
				CLANG_WARN_CONSTANT_CONVERSION = YES;
				CLANG_WARN_DEPRECATED_OBJC_IMPLEMENTATIONS = YES;
				CLANG_WARN_DIRECT_OBJC_ISA_USAGE = YES_ERROR;
				CLANG_WARN_DOCUMENTATION_COMMENTS = YES;
				CLANG_WARN_EMPTY_BODY = YES;
				CLANG_WARN_ENUM_CONVERSION = YES;
				CLANG_WARN_INFINITE_RECURSION = YES;
				CLANG_WARN_INT_CONVERSION = YES;
				CLANG_WARN_NON_LITERAL_NULL_CONVERSION = YES;
				CLANG_WARN_OBJC_IMPLICIT_RETAIN_SELF = YES;
				CLANG_WARN_OBJC_LITERAL_CONVERSION = YES;
				CLANG_WARN_OBJC_ROOT_CLASS = YES_ERROR;
				CLANG_WARN_QUOTED_INCLUDE_IN_FRAMEWORK_HEADER = YES;
				CLANG_WARN_RANGE_LOOP_ANALYSIS = YES;
				CLANG_WARN_STRICT_PROTOTYPES = YES;
				CLANG_WARN_SUSPICIOUS_MOVE = YES;
				CLANG_WARN_UNGUARDED_AVAILABILITY = YES_AGGRESSIVE;
				CLANG_WARN_UNREACHABLE_CODE = YES;
				CLANG_WARN__DUPLICATE_METHOD_MATCH = YES;
				COPY_PHASE_STRIP = NO;
				DEBUG_INFORMATION_FORMAT = dwarf;
				ENABLE_STRICT_OBJC_MSGSEND = YES;
				ENABLE_TESTABILITY = YES;
				GCC_C_LANGUAGE_STANDARD = gnu11;
				GCC_DYNAMIC_NO_PIC = NO;
				GCC_NO_COMMON_BLOCKS = YES;
				GCC_OPTIMIZATION_LEVEL = 0;
				GCC_PREPROCESSOR_DEFINITIONS = (
					"DEBUG=1",
					"$(inherited)",
				);
				GCC_WARN_64_TO_32_BIT_CONVERSION = YES;
				GCC_WARN_ABOUT_RETURN_TYPE = YES_ERROR;
				GCC_WARN_UNDECLARED_SELECTOR = YES;
				GCC_WARN_UNINITIALIZED_AUTOS = YES_AGGRESSIVE;
				GCC_WARN_UNUSED_FUNCTION = YES;
				GCC_WARN_UNUSED_VARIABLE = YES;
				IPHONEOS_DEPLOYMENT_TARGET = 16.4;
				MTL_ENABLE_DEBUG_INFO = INCLUDE_SOURCE;
				MTL_FAST_MATH = YES;
				ONLY_ACTIVE_ARCH = YES;
				SDKROOT = iphoneos;
				SWIFT_ACTIVE_COMPILATION_CONDITIONS = DEBUG;
				SWIFT_OPTIMIZATION_LEVEL = "-Onone";
			};
			name = Debug;
		};
		E34274F12B04653B004C8FFA /* Release */ = {
			isa = XCBuildConfiguration;
			buildSettings = {
				ALWAYS_SEARCH_USER_PATHS = NO;
				CLANG_ANALYZER_NONNULL = YES;
				CLANG_ANALYZER_NUMBER_OBJECT_CONVERSION = YES_AGGRESSIVE;
				CLANG_CXX_LANGUAGE_STANDARD = "gnu++20";
				CLANG_ENABLE_MODULES = YES;
				CLANG_ENABLE_OBJC_ARC = YES;
				CLANG_ENABLE_OBJC_WEAK = YES;
				CLANG_WARN_BLOCK_CAPTURE_AUTORELEASING = YES;
				CLANG_WARN_BOOL_CONVERSION = YES;
				CLANG_WARN_COMMA = YES;
				CLANG_WARN_CONSTANT_CONVERSION = YES;
				CLANG_WARN_DEPRECATED_OBJC_IMPLEMENTATIONS = YES;
				CLANG_WARN_DIRECT_OBJC_ISA_USAGE = YES_ERROR;
				CLANG_WARN_DOCUMENTATION_COMMENTS = YES;
				CLANG_WARN_EMPTY_BODY = YES;
				CLANG_WARN_ENUM_CONVERSION = YES;
				CLANG_WARN_INFINITE_RECURSION = YES;
				CLANG_WARN_INT_CONVERSION = YES;
				CLANG_WARN_NON_LITERAL_NULL_CONVERSION = YES;
				CLANG_WARN_OBJC_IMPLICIT_RETAIN_SELF = YES;
				CLANG_WARN_OBJC_LITERAL_CONVERSION = YES;
				CLANG_WARN_OBJC_ROOT_CLASS = YES_ERROR;
				CLANG_WARN_QUOTED_INCLUDE_IN_FRAMEWORK_HEADER = YES;
				CLANG_WARN_RANGE_LOOP_ANALYSIS = YES;
				CLANG_WARN_STRICT_PROTOTYPES = YES;
				CLANG_WARN_SUSPICIOUS_MOVE = YES;
				CLANG_WARN_UNGUARDED_AVAILABILITY = YES_AGGRESSIVE;
				CLANG_WARN_UNREACHABLE_CODE = YES;
				CLANG_WARN__DUPLICATE_METHOD_MATCH = YES;
				COPY_PHASE_STRIP = NO;
				DEBUG_INFORMATION_FORMAT = "dwarf-with-dsym";
				ENABLE_NS_ASSERTIONS = NO;
				ENABLE_STRICT_OBJC_MSGSEND = YES;
				GCC_C_LANGUAGE_STANDARD = gnu11;
				GCC_NO_COMMON_BLOCKS = YES;
				GCC_WARN_64_TO_32_BIT_CONVERSION = YES;
				GCC_WARN_ABOUT_RETURN_TYPE = YES_ERROR;
				GCC_WARN_UNDECLARED_SELECTOR = YES;
				GCC_WARN_UNINITIALIZED_AUTOS = YES_AGGRESSIVE;
				GCC_WARN_UNUSED_FUNCTION = YES;
				GCC_WARN_UNUSED_VARIABLE = YES;
				IPHONEOS_DEPLOYMENT_TARGET = 16.4;
				MTL_ENABLE_DEBUG_INFO = NO;
				MTL_FAST_MATH = YES;
				SDKROOT = iphoneos;
				SWIFT_COMPILATION_MODE = wholemodule;
				SWIFT_OPTIMIZATION_LEVEL = "-O";
				VALIDATE_PRODUCT = YES;
			};
			name = Release;
		};
		E34274F32B04653C004C8FFA /* Debug */ = {
			isa = XCBuildConfiguration;
			buildSettings = {
				ASSETCATALOG_COMPILER_APPICON_NAME = AppIcon;
				ASSETCATALOG_COMPILER_GLOBAL_ACCENT_COLOR_NAME = AccentColor;
				CODE_SIGN_STYLE = Automatic;
				CURRENT_PROJECT_VERSION = 1;
				DEVELOPMENT_ASSET_PATHS = "\"columbiamarketplace/Preview Content\"";
				ENABLE_PREVIEWS = YES;
				GENERATE_INFOPLIST_FILE = YES;
				INFOPLIST_KEY_UIApplicationSceneManifest_Generation = YES;
				INFOPLIST_KEY_UIApplicationSupportsIndirectInputEvents = YES;
				INFOPLIST_KEY_UILaunchScreen_Generation = YES;
				INFOPLIST_KEY_UISupportedInterfaceOrientations_iPad = "UIInterfaceOrientationPortrait UIInterfaceOrientationPortraitUpsideDown UIInterfaceOrientationLandscapeLeft UIInterfaceOrientationLandscapeRight";
				INFOPLIST_KEY_UISupportedInterfaceOrientations_iPhone = "UIInterfaceOrientationPortrait UIInterfaceOrientationLandscapeLeft UIInterfaceOrientationLandscapeRight";
				LD_RUNPATH_SEARCH_PATHS = (
					"$(inherited)",
					"@executable_path/Frameworks",
				);
				MARKETING_VERSION = 1.0;
				PRODUCT_BUNDLE_IDENTIFIER = edu.columbia.columbiamarketplace;
				PRODUCT_NAME = "$(TARGET_NAME)";
				SWIFT_EMIT_LOC_STRINGS = YES;
				SWIFT_VERSION = 5.0;
				TARGETED_DEVICE_FAMILY = "1,2";
			};
			name = Debug;
		};
		E34274F42B04653C004C8FFA /* Release */ = {
			isa = XCBuildConfiguration;
			buildSettings = {
				ASSETCATALOG_COMPILER_APPICON_NAME = AppIcon;
				ASSETCATALOG_COMPILER_GLOBAL_ACCENT_COLOR_NAME = AccentColor;
				CODE_SIGN_STYLE = Automatic;
				CURRENT_PROJECT_VERSION = 1;
				DEVELOPMENT_ASSET_PATHS = "\"columbiamarketplace/Preview Content\"";
				ENABLE_PREVIEWS = YES;
				GENERATE_INFOPLIST_FILE = YES;
				INFOPLIST_KEY_UIApplicationSceneManifest_Generation = YES;
				INFOPLIST_KEY_UIApplicationSupportsIndirectInputEvents = YES;
				INFOPLIST_KEY_UILaunchScreen_Generation = YES;
				INFOPLIST_KEY_UISupportedInterfaceOrientations_iPad = "UIInterfaceOrientationPortrait UIInterfaceOrientationPortraitUpsideDown UIInterfaceOrientationLandscapeLeft UIInterfaceOrientationLandscapeRight";
				INFOPLIST_KEY_UISupportedInterfaceOrientations_iPhone = "UIInterfaceOrientationPortrait UIInterfaceOrientationLandscapeLeft UIInterfaceOrientationLandscapeRight";
				LD_RUNPATH_SEARCH_PATHS = (
					"$(inherited)",
					"@executable_path/Frameworks",
				);
				MARKETING_VERSION = 1.0;
				PRODUCT_BUNDLE_IDENTIFIER = edu.columbia.columbiamarketplace;
				PRODUCT_NAME = "$(TARGET_NAME)";
				SWIFT_EMIT_LOC_STRINGS = YES;
				SWIFT_VERSION = 5.0;
				TARGETED_DEVICE_FAMILY = "1,2";
			};
			name = Release;
		};
/* End XCBuildConfiguration section */

/* Begin XCConfigurationList section */
		E34274DF2B04653A004C8FFA /* Build configuration list for PBXProject "columbiamarketplace" */ = {
			isa = XCConfigurationList;
			buildConfigurations = (
				E34274F02B04653B004C8FFA /* Debug */,
				E34274F12B04653B004C8FFA /* Release */,
			);
			defaultConfigurationIsVisible = 0;
			defaultConfigurationName = Release;
		};
		E34274F22B04653C004C8FFA /* Build configuration list for PBXNativeTarget "columbiamarketplace" */ = {
			isa = XCConfigurationList;
			buildConfigurations = (
				E34274F32B04653C004C8FFA /* Debug */,
				E34274F42B04653C004C8FFA /* Release */,
			);
			defaultConfigurationIsVisible = 0;
			defaultConfigurationName = Release;
		};
/* End XCConfigurationList section */

/* Begin XCRemoteSwiftPackageReference section */
		E3AA52242B15B4D000BED2EF /* XCRemoteSwiftPackageReference "firebase-ios-sdk" */ = {
			isa = XCRemoteSwiftPackageReference;
			repositoryURL = "https://github.com/firebase/firebase-ios-sdk";
			requirement = {
				kind = upToNextMajorVersion;
				minimumVersion = 10.0.0;
			};
		};
/* End XCRemoteSwiftPackageReference section */

/* Begin XCSwiftPackageProductDependency section */
		E3AA52252B15B4D000BED2EF /* FirebaseAuth */ = {
			isa = XCSwiftPackageProductDependency;
			package = E3AA52242B15B4D000BED2EF /* XCRemoteSwiftPackageReference "firebase-ios-sdk" */;
			productName = FirebaseAuth;
		};
		E3AA52272B15B4D000BED2EF /* FirebaseDatabase */ = {
			isa = XCSwiftPackageProductDependency;
			package = E3AA52242B15B4D000BED2EF /* XCRemoteSwiftPackageReference "firebase-ios-sdk" */;
			productName = FirebaseDatabase;
		};
		E3AA52292B15B4D000BED2EF /* FirebaseDatabaseSwift */ = {
			isa = XCSwiftPackageProductDependency;
			package = E3AA52242B15B4D000BED2EF /* XCRemoteSwiftPackageReference "firebase-ios-sdk" */;
			productName = FirebaseDatabaseSwift;
		};
		E3AA522B2B15B4D000BED2EF /* FirebaseFirestore */ = {
			isa = XCSwiftPackageProductDependency;
			package = E3AA52242B15B4D000BED2EF /* XCRemoteSwiftPackageReference "firebase-ios-sdk" */;
			productName = FirebaseFirestore;
		};
		E3AA522D2B15B4D000BED2EF /* FirebaseFirestoreSwift */ = {
			isa = XCSwiftPackageProductDependency;
			package = E3AA52242B15B4D000BED2EF /* XCRemoteSwiftPackageReference "firebase-ios-sdk" */;
			productName = FirebaseFirestoreSwift;
		};
		E3AA522F2B15B4D000BED2EF /* FirebaseFunctions */ = {
			isa = XCSwiftPackageProductDependency;
			package = E3AA52242B15B4D000BED2EF /* XCRemoteSwiftPackageReference "firebase-ios-sdk" */;
			productName = FirebaseFunctions;
		};
		E3AA52312B15B4D000BED2EF /* FirebaseInAppMessaging-Beta */ = {
			isa = XCSwiftPackageProductDependency;
			package = E3AA52242B15B4D000BED2EF /* XCRemoteSwiftPackageReference "firebase-ios-sdk" */;
			productName = "FirebaseInAppMessaging-Beta";
		};
		E3AA52332B15B4D000BED2EF /* FirebaseInAppMessagingSwift-Beta */ = {
			isa = XCSwiftPackageProductDependency;
			package = E3AA52242B15B4D000BED2EF /* XCRemoteSwiftPackageReference "firebase-ios-sdk" */;
			productName = "FirebaseInAppMessagingSwift-Beta";
		};
		E3AA52352B15B4D000BED2EF /* FirebaseMessaging */ = {
			isa = XCSwiftPackageProductDependency;
			package = E3AA52242B15B4D000BED2EF /* XCRemoteSwiftPackageReference "firebase-ios-sdk" */;
			productName = FirebaseMessaging;
		};
		E3AA52372B15B4D000BED2EF /* FirebaseStorage */ = {
			isa = XCSwiftPackageProductDependency;
			package = E3AA52242B15B4D000BED2EF /* XCRemoteSwiftPackageReference "firebase-ios-sdk" */;
			productName = FirebaseStorage;
		};
/* End XCSwiftPackageProductDependency section */
	};
	rootObject = E34274DC2B04653A004C8FFA /* Project object */;
}
